// !$*UTF8*$!
{
	archiveVersion = 1;
	classes = {
	};
	objectVersion = 50;
	objects = {

/* Begin PBXBuildFile section */
		8D43AF0C215B65AB00616D08 /* AppDelegate.m in Sources */ = {isa = PBXBuildFile; fileRef = 8D43AF0B215B65AB00616D08 /* AppDelegate.m */; };
		8D43AF0F215B65AB00616D08 /* ViewController.m in Sources */ = {isa = PBXBuildFile; fileRef = 8D43AF0E215B65AB00616D08 /* ViewController.m */; };
		8D43AF12215B65AB00616D08 /* Main.storyboard in Resources */ = {isa = PBXBuildFile; fileRef = 8D43AF10215B65AB00616D08 /* Main.storyboard */; };
		8D43AF14215B65AD00616D08 /* Assets.xcassets in Resources */ = {isa = PBXBuildFile; fileRef = 8D43AF13215B65AD00616D08 /* Assets.xcassets */; };
		8D43AF17215B65AD00616D08 /* LaunchScreen.storyboard in Resources */ = {isa = PBXBuildFile; fileRef = 8D43AF15215B65AD00616D08 /* LaunchScreen.storyboard */; };
		8D43AF1A215B65AD00616D08 /* main.m in Sources */ = {isa = PBXBuildFile; fileRef = 8D43AF19215B65AD00616D08 /* main.m */; };
		8D43AF23215B65E300616D08 /* GCDGroup.m in Sources */ = {isa = PBXBuildFile; fileRef = 8D43AF22215B65E300616D08 /* GCDGroup.m */; };
/* End PBXBuildFile section */

/* Begin PBXFileReference section */
		8D43AF07215B65AB00616D08 /* GCDStudy.app */ = {isa = PBXFileReference; explicitFileType = wrapper.application; includeInIndex = 0; path = GCDStudy.app; sourceTree = BUILT_PRODUCTS_DIR; };
		8D43AF0A215B65AB00616D08 /* AppDelegate.h */ = {isa = PBXFileReference; lastKnownFileType = sourcecode.c.h; path = AppDelegate.h; sourceTree = "<group>"; };
		8D43AF0B215B65AB00616D08 /* AppDelegate.m */ = {isa = PBXFileReference; lastKnownFileType = sourcecode.c.objc; path = AppDelegate.m; sourceTree = "<group>"; };
		8D43AF0D215B65AB00616D08 /* ViewController.h */ = {isa = PBXFileReference; lastKnownFileType = sourcecode.c.h; path = ViewController.h; sourceTree = "<group>"; };
		8D43AF0E215B65AB00616D08 /* ViewController.m */ = {isa = PBXFileReference; lastKnownFileType = sourcecode.c.objc; path = ViewController.m; sourceTree = "<group>"; };
		8D43AF11215B65AB00616D08 /* Base */ = {isa = PBXFileReference; lastKnownFileType = file.storyboard; name = Base; path = Base.lproj/Main.storyboard; sourceTree = "<group>"; };
		8D43AF13215B65AD00616D08 /* Assets.xcassets */ = {isa = PBXFileReference; lastKnownFileType = folder.assetcatalog; path = Assets.xcassets; sourceTree = "<group>"; };
		8D43AF16215B65AD00616D08 /* Base */ = {isa = PBXFileReference; lastKnownFileType = file.storyboard; name = Base; path = Base.lproj/LaunchScreen.storyboard; sourceTree = "<group>"; };
		8D43AF18215B65AD00616D08 /* Info.plist */ = {isa = PBXFileReference; lastKnownFileType = text.plist.xml; path = Info.plist; sourceTree = "<group>"; };
		8D43AF19215B65AD00616D08 /* main.m */ = {isa = PBXFileReference; lastKnownFileType = sourcecode.c.objc; path = main.m; sourceTree = "<group>"; };
		8D43AF21215B65E300616D08 /* GCDGroup.h */ = {isa = PBXFileReference; lastKnownFileType = sourcecode.c.h; path = GCDGroup.h; sourceTree = "<group>"; };
		8D43AF22215B65E300616D08 /* GCDGroup.m */ = {isa = PBXFileReference; lastKnownFileType = sourcecode.c.objc; path = GCDGroup.m; sourceTree = "<group>"; };
/* End PBXFileReference section */

/* Begin PBXFrameworksBuildPhase section */
		8D43AF04215B65AB00616D08 /* Frameworks */ = {
			isa = PBXFrameworksBuildPhase;
			buildActionMask = 2147483647;
			files = (
			);
			runOnlyForDeploymentPostprocessing = 0;
		};
/* End PBXFrameworksBuildPhase section */

/* Begin PBXGroup section */
		8D43AEFE215B65AB00616D08 = {
			isa = PBXGroup;
			children = (
				8D43AF09215B65AB00616D08 /* GCDStudy */,
				8D43AF08215B65AB00616D08 /* Products */,
			);
			sourceTree = "<group>";
		};
		8D43AF08215B65AB00616D08 /* Products */ = {
			isa = PBXGroup;
			children = (
				8D43AF07215B65AB00616D08 /* GCDStudy.app */,
			);
			name = Products;
			sourceTree = "<group>";
		};
		8D43AF09215B65AB00616D08 /* GCDStudy */ = {
			isa = PBXGroup;
			children = (
				8D43AF20215B65CE00616D08 /* GCDStudy */,
				8D43AF0A215B65AB00616D08 /* AppDelegate.h */,
				8D43AF0B215B65AB00616D08 /* AppDelegate.m */,
				8D43AF0D215B65AB00616D08 /* ViewController.h */,
				8D43AF0E215B65AB00616D08 /* ViewController.m */,
				8D43AF10215B65AB00616D08 /* Main.storyboard */,
				8D43AF13215B65AD00616D08 /* Assets.xcassets */,
				8D43AF15215B65AD00616D08 /* LaunchScreen.storyboard */,
				8D43AF18215B65AD00616D08 /* Info.plist */,
				8D43AF19215B65AD00616D08 /* main.m */,
			);
			path = GCDStudy;
			sourceTree = "<group>";
		};
		8D43AF20215B65CE00616D08 /* GCDStudy */ = {
			isa = PBXGroup;
			children = (
				8D43AF21215B65E300616D08 /* GCDGroup.h */,
				8D43AF22215B65E300616D08 /* GCDGroup.m */,
			);
			path = GCDStudy;
			sourceTree = "<group>";
		};
/* End PBXGroup section */

/* Begin PBXNativeTarget section */
		8D43AF06215B65AB00616D08 /* GCDStudy */ = {
			isa = PBXNativeTarget;
			buildConfigurationList = 8D43AF1D215B65AD00616D08 /* Build configuration list for PBXNativeTarget "GCDStudy" */;
			buildPhases = (
				8D43AF03215B65AB00616D08 /* Sources */,
				8D43AF04215B65AB00616D08 /* Frameworks */,
				8D43AF05215B65AB00616D08 /* Resources */,
			);
			buildRules = (
			);
			dependencies = (
			);
			name = GCDStudy;
			productName = GCDStudy;
			productReference = 8D43AF07215B65AB00616D08 /* GCDStudy.app */;
			productType = "com.apple.product-type.application";
		};
/* End PBXNativeTarget section */

/* Begin PBXProject section */
		8D43AEFF215B65AB00616D08 /* Project object */ = {
			isa = PBXProject;
			attributes = {
				LastUpgradeCheck = 1000;
				ORGANIZATIONNAME = cuiyinjiang;
				TargetAttributes = {
					8D43AF06215B65AB00616D08 = {
						CreatedOnToolsVersion = 10.0;
					};
				};
			};
			buildConfigurationList = 8D43AF02215B65AB00616D08 /* Build configuration list for PBXProject "GCDStudy" */;
			compatibilityVersion = "Xcode 9.3";
			developmentRegion = en;
			hasScannedForEncodings = 0;
			knownRegions = (
				en,
				Base,
			);
			mainGroup = 8D43AEFE215B65AB00616D08;
			productRefGroup = 8D43AF08215B65AB00616D08 /* Products */;
			projectDirPath = "";
			projectRoot = "";
			targets = (
				8D43AF06215B65AB00616D08 /* GCDStudy */,
			);
		};
/* End PBXProject section */

/* Begin PBXResourcesBuildPhase section */
		8D43AF05215B65AB00616D08 /* Resources */ = {
			isa = PBXResourcesBuildPhase;
			buildActionMask = 2147483647;
			files = (
				8D43AF17215B65AD00616D08 /* LaunchScreen.storyboard in Resources */,
				8D43AF14215B65AD00616D08 /* Assets.xcassets in Resources */,
				8D43AF12215B65AB00616D08 /* Main.storyboard in Resources */,
			);
			runOnlyForDeploymentPostprocessing = 0;
		};
/* End PBXResourcesBuildPhase section */

/* Begin PBXSourcesBuildPhase section */
		8D43AF03215B65AB00616D08 /* Sources */ = {
			isa = PBXSourcesBuildPhase;
			buildActionMask = 2147483647;
			files = (
				8D43AF23215B65E300616D08 /* GCDGroup.m in Sources */,
				8D43AF0F215B65AB00616D08 /* ViewController.m in Sources */,
				8D43AF1A215B65AD00616D08 /* main.m in Sources */,
				8D43AF0C215B65AB00616D08 /* AppDelegate.m in Sources */,
			);
			runOnlyForDeploymentPostprocessing = 0;
		};
/* End PBXSourcesBuildPhase section */

/* Begin PBXVariantGroup section */
		8D43AF10215B65AB00616D08 /* Main.storyboard */ = {
			isa = PBXVariantGroup;
			children = (
				8D43AF11215B65AB00616D08 /* Base */,
			);
			name = Main.storyboard;
			sourceTree = "<group>";
		};
		8D43AF15215B65AD00616D08 /* LaunchScreen.storyboard */ = {
			isa = PBXVariantGroup;
			children = (
				8D43AF16215B65AD00616D08 /* Base */,
			);
			name = LaunchScreen.storyboard;
			sourceTree = "<group>";
		};
/* End PBXVariantGroup section */

/* Begin XCBuildConfiguration section */
		8D43AF1B215B65AD00616D08 /* Debug */ = {
			isa = XCBuildConfiguration;
			buildSettings = {
				ALWAYS_SEARCH_USER_PATHS = NO;
				CLANG_ANALYZER_NONNULL = YES;
				CLANG_ANALYZER_NUMBER_OBJECT_CONVERSION = YES_AGGRESSIVE;
				CLANG_CXX_LANGUAGE_STANDARD = "gnu++14";
				CLANG_CXX_LIBRARY = "libc++";
				CLANG_ENABLE_MODULES = YES;
				CLANG_ENABLE_OBJC_ARC = YES;
				CLANG_ENABLE_OBJC_WEAK = YES;
				CLANG_WARN_BLOCK_CAPTURE_AUTORELEASING = YES;
				CLANG_WARN_BOOL_CONVERSION = YES;
				CLANG_WARN_COMMA = YES;
				CLANG_WARN_CONSTANT_CONVERSION = YES;
				CLANG_WARN_DEPRECATED_OBJC_IMPLEMENTATIONS = YES;
				CLANG_WARN_DIRECT_OBJC_ISA_USAGE = YES_ERROR;
				CLANG_WARN_DOCUMENTATION_COMMENTS = YES;
				CLANG_WARN_EMPTY_BODY = YES;
				CLANG_WARN_ENUM_CONVERSION = YES;
				CLANG_WARN_INFINITE_RECURSION = YES;
				CLANG_WARN_INT_CONVERSION = YES;
				CLANG_WARN_NON_LITERAL_NULL_CONVERSION = YES;
				CLANG_WARN_OBJC_IMPLICIT_RETAIN_SELF = YES;
				CLANG_WARN_OBJC_LITERAL_CONVERSION = YES;
				CLANG_WARN_OBJC_ROOT_CLASS = YES_ERROR;
				CLANG_WARN_RANGE_LOOP_ANALYSIS = YES;
				CLANG_WARN_STRICT_PROTOTYPES = YES;
				CLANG_WARN_SUSPICIOUS_MOVE = YES;
				CLANG_WARN_UNGUARDED_AVAILABILITY = YES_AGGRESSIVE;
				CLANG_WARN_UNREACHABLE_CODE = YES;
				CLANG_WARN__DUPLICATE_METHOD_MATCH = YES;
				CODE_SIGN_IDENTITY = "iPhone Developer";
				COPY_PHASE_STRIP = NO;
				DEBUG_INFORMATION_FORMAT = dwarf;
				ENABLE_STRICT_OBJC_MSGSEND = YES;
				ENABLE_TESTABILITY = YES;
				GCC_C_LANGUAGE_STANDARD = gnu11;
				GCC_DYNAMIC_NO_PIC = NO;
				GCC_NO_COMMON_BLOCKS = YES;
				GCC_OPTIMIZATION_LEVEL = 0;
				GCC_PREPROCESSOR_DEFINITIONS = (
					"DEBUG=1",
					"$(inherited)",
				);
				GCC_WARN_64_TO_32_BIT_CONVERSION = YES;
				GCC_WARN_ABOUT_RETURN_TYPE = YES_ERROR;
				GCC_WARN_UNDECLARED_SELECTOR = YES;
				GCC_WARN_UNINITIALIZED_AUTOS = YES_AGGRESSIVE;
				GCC_WARN_UNUSED_FUNCTION = YES;
				GCC_WARN_UNUSED_VARIABLE = YES;
				IPHONEOS_DEPLOYMENT_TARGET = 12.0;
				MTL_ENABLE_DEBUG_INFO = INCLUDE_SOURCE;
				MTL_FAST_MATH = YES;
				ONLY_ACTIVE_ARCH = YES;
				SDKROOT = iphoneos;
			};
			name = Debug;
		};
		8D43AF1C215B65AD00616D08 /* Release */ = {
			isa = XCBuildConfiguration;
			buildSettings = {
				ALWAYS_SEARCH_USER_PATHS = NO;
				CLANG_ANALYZER_NONNULL = YES;
				CLANG_ANALYZER_NUMBER_OBJECT_CONVERSION = YES_AGGRESSIVE;
				CLANG_CXX_LANGUAGE_STANDARD = "gnu++14";
				CLANG_CXX_LIBRARY = "libc++";
				CLANG_ENABLE_MODULES = YES;
				CLANG_ENABLE_OBJC_ARC = YES;
				CLANG_ENABLE_OBJC_WEAK = YES;
				CLANG_WARN_BLOCK_CAPTURE_AUTORELEASING = YES;
				CLANG_WARN_BOOL_CONVERSION = YES;
				CLANG_WARN_COMMA = YES;
				CLANG_WARN_CONSTANT_CONVERSION = YES;
				CLANG_WARN_DEPRECATED_OBJC_IMPLEMENTATIONS = YES;
				CLANG_WARN_DIRECT_OBJC_ISA_USAGE = YES_ERROR;
				CLANG_WARN_DOCUMENTATION_COMMENTS = YES;
				CLANG_WARN_EMPTY_BODY = YES;
				CLANG_WARN_ENUM_CONVERSION = YES;
				CLANG_WARN_INFINITE_RECURSION = YES;
				CLANG_WARN_INT_CONVERSION = YES;
				CLANG_WARN_NON_LITERAL_NULL_CONVERSION = YES;
				CLANG_WARN_OBJC_IMPLICIT_RETAIN_SELF = YES;
				CLANG_WARN_OBJC_LITERAL_CONVERSION = YES;
				CLANG_WARN_OBJC_ROOT_CLASS = YES_ERROR;
				CLANG_WARN_RANGE_LOOP_ANALYSIS = YES;
				CLANG_WARN_STRICT_PROTOTYPES = YES;
				CLANG_WARN_SUSPICIOUS_MOVE = YES;
				CLANG_WARN_UNGUARDED_AVAILABILITY = YES_AGGRESSIVE;
				CLANG_WARN_UNREACHABLE_CODE = YES;
				CLANG_WARN__DUPLICATE_METHOD_MATCH = YES;
				CODE_SIGN_IDENTITY = "iPhone Developer";
				COPY_PHASE_STRIP = NO;
				DEBUG_INFORMATION_FORMAT = "dwarf-with-dsym";
				ENABLE_NS_ASSERTIONS = NO;
				ENABLE_STRICT_OBJC_MSGSEND = YES;
				GCC_C_LANGUAGE_STANDARD = gnu11;
				GCC_NO_COMMON_BLOCKS = YES;
				GCC_WARN_64_TO_32_BIT_CONVERSION = YES;
				GCC_WARN_ABOUT_RETURN_TYPE = YES_ERROR;
				GCC_WARN_UNDECLARED_SELECTOR = YES;
				GCC_WARN_UNINITIALIZED_AUTOS = YES_AGGRESSIVE;
				GCC_WARN_UNUSED_FUNCTION = YES;
				GCC_WARN_UNUSED_VARIABLE = YES;
				IPHONEOS_DEPLOYMENT_TARGET = 12.0;
				MTL_ENABLE_DEBUG_INFO = NO;
				MTL_FAST_MATH = YES;
				SDKROOT = iphoneos;
				VALIDATE_PRODUCT = YES;
			};
			name = Release;
		};
		8D43AF1E215B65AD00616D08 /* Debug */ = {
			isa = XCBuildConfiguration;
			buildSettings = {
				ASSETCATALOG_COMPILER_APPICON_NAME = AppIcon;
				CODE_SIGN_STYLE = Automatic;
				DEVELOPMENT_TEAM = BD8CXHWK77;
				INFOPLIST_FILE = GCDStudy/Info.plist;
				LD_RUNPATH_SEARCH_PATHS = (
					"$(inherited)",
					"@executable_path/Frameworks",
				);
				PRODUCT_BUNDLE_IDENTIFIER = test.string.RunloopStudy.GCDStudy;
				PRODUCT_NAME = "$(TARGET_NAME)";
				TARGETED_DEVICE_FAMILY = "1,2";
			};
			name = Debug;
		};
		8D43AF1F215B65AD00616D08 /* Release */ = {
			isa = XCBuildConfiguration;
			buildSettings = {
				ASSETCATALOG_COMPILER_APPICON_NAME = AppIcon;
				CODE_SIGN_STYLE = Automatic;
				DEVELOPMENT_TEAM = BD8CXHWK77;
				INFOPLIST_FILE = GCDStudy/Info.plist;
				LD_RUNPATH_SEARCH_PATHS = (
					"$(inherited)",
					"@executable_path/Frameworks",
				);
				PRODUCT_BUNDLE_IDENTIFIER = test.string.RunloopStudy.GCDStudy;
				PRODUCT_NAME = "$(TARGET_NAME)";
				TARGETED_DEVICE_FAMILY = "1,2";
			};
			name = Release;
		};
/* End XCBuildConfiguration section */

/* Begin XCConfigurationList section */
		8D43AF02215B65AB00616D08 /* Build configuration list for PBXProject "GCDStudy" */ = {
			isa = XCConfigurationList;
			buildConfigurations = (
				8D43AF1B215B65AD00616D08 /* Debug */,
				8D43AF1C215B65AD00616D08 /* Release */,
			);
			defaultConfigurationIsVisible = 0;
			defaultConfigurationName = Release;
		};
		8D43AF1D215B65AD00616D08 /* Build configuration list for PBXNativeTarget "GCDStudy" */ = {
			isa = XCConfigurationList;
			buildConfigurations = (
				8D43AF1E215B65AD00616D08 /* Debug */,
				8D43AF1F215B65AD00616D08 /* Release */,
			);
			defaultConfigurationIsVisible = 0;
			defaultConfigurationName = Release;
		};
/* End XCConfigurationList section */
	};
	rootObject = 8D43AEFF215B65AB00616D08 /* Project object */;
}
